{
  "name": "chat",
  "version": "0.0.1",
  "lockfileVersion": 3,
  "requires": true,
  "packages": {
    "": {
      "name": "chat",
      "version": "0.0.1",
      "devDependencies": {
        "ui5-task-zipper": "^3.1.7"
      }
    },
    "node_modules/buffer-crc32": {
      "version": "0.2.13",
      "resolved": "https://registry.npmjs.org/buffer-crc32/-/buffer-crc32-0.2.13.tgz",
      "integrity": "sha512-VO9Ht/+p3SN7SKWqcrgEzjGbRSJYTx+Q1pTQC0wrWqHx0vpJraQ6GtHx8tvcg1rlK1byhU5gccxgOgj7B0TDkQ==",
      "dev": true,
      "license": "MIT",
      "engines": {
        "node": "*"
      }
    },
    "node_modules/ui5-task-zipper": {
      "version": "3.2.2",
      "resolved": "https://registry.npmjs.org/ui5-task-zipper/-/ui5-task-zipper-3.2.2.tgz",
      "integrity": "sha512-DTdByXtyoeEXxMd7xwBKVlFiQAoz5CG7oIMBhgrK7iED4QkOHNFcDCASkmwf0uGC6sipQEQR1HoP1OytULG91g==",
      "dev": true,
      "license": "Apache-2.0",
      "dependencies": {
        "yazl": "^2.5.1"
      }
    },
    "node_modules/yazl": {
      "version": "2.5.1",
      "resolved": "https://registry.npmjs.org/yazl/-/yazl-2.5.1.tgz",
      "integrity": "sha512-phENi2PLiHnHb6QBVot+dJnaAZ0xosj7p3fWl+znIjBDlnMI2PsZCJZ306BPTFOaHf5qdDEI8x5qFrSOBN5vrw==",
      "dev": true,
      "license": "MIT",
      "dependencies": {
        "buffer-crc32": "~0.2.3"
      }
    }
  }
}
